github.com/BurntSushi/toml v1.2.0 h1:Rt8g24XnyGTyglgET/PRUNlrUeu9F5L+7FilkXfZgs0=
github.com/BurntSushi/toml v1.2.0/go.mod h1:CxXYINrC8qIiEnFrOxCa7Jy5BFHlXnUU2pbicEuybxQ=
github.com/brianvoe/sjwt v0.5.1 h1:OKwnUrrVMnP81N9S5+ylgZECUEwW4Uw6W6J0FgcIZfw=
github.com/brianvoe/sjwt v0.5.1/go.mod h1:GsyrNi4zWvWAcsVGNNMULQ8SfDMmJ2ybzAyPjNQJJL8=
github.com/go-sql-driver/mysql v1.6.0 h1:BCTh4TKNUYmOmMUcQ3IipzF5prigylS7XXjEkfCHuOE=
github.com/go-sql-driver/mysql v1.6.0/go.mod h1:DCzpHaOWr8IXmIStZouvnhqoel9Qv2LBy8hT2VhHyBg=
